// !$*UTF8*$!
{
	archiveVersion = 1;
	classes = {
	};
	objectVersion = 46;
	objects = {

/* Begin PBXBuildFile section */
		6706B42A1A6ACCFB00C2E2ED /* main.cpp in Sources */ = {isa = PBXBuildFile; fileRef = 6706B4291A6ACCFB00C2E2ED /* main.cpp */; };
/* End PBXBuildFile section */

/* Begin PBXCopyFilesBuildPhase section */
		6706B4241A6ACCFB00C2E2ED /* CopyFiles */ = {
			isa = PBXCopyFilesBuildPhase;
			buildActionMask = 2147483647;
			dstPath = /usr/share/man/man1/;
			dstSubfolderSpec = 0;
			files = (
			);
			runOnlyForDeploymentPostprocessing = 1;
		};
/* End PBXCopyFilesBuildPhase section */

/* Begin PBXFileReference section */
		6706B4261A6ACCFB00C2E2ED /* Transformation */ = {isa = PBXFileReference; explicitFileType = "compiled.mach-o.executable"; includeInIndex = 0; path = Transformation; sourceTree = BUILT_PRODUCTS_DIR; };
		6706B4291A6ACCFB00C2E2ED /* main.cpp */ = {isa = PBXFileReference; lastKnownFileType = sourcecode.cpp.cpp; path = main.cpp; sourceTree = "<group>"; };
		6706B4301A6ACDFB00C2E2ED /* transform.in */ = {isa = PBXFileReference; fileEncoding = 4; lastKnownFileType = text; path = transform.in; sourceTree = "<group>"; };
		6706B4311A6ACE0900C2E2ED /* transform.out */ = {isa = PBXFileReference; fileEncoding = 4; lastKnownFileType = text; path = transform.out; sourceTree = "<group>"; };
/* End PBXFileReference section */

/* Begin PBXFrameworksBuildPhase section */
		6706B4231A6ACCFB00C2E2ED /* Frameworks */ = {
			isa = PBXFrameworksBuildPhase;
			buildActionMask = 2147483647;
			files = (
			);
			runOnlyForDeploymentPostprocessing = 0;
		};
/* End PBXFrameworksBuildPhase section */

/* Begin PBXGroup section */
		6706B41D1A6ACCFB00C2E2ED = {
			isa = PBXGroup;
			children = (
				6706B4281A6ACCFB00C2E2ED /* Transformation */,
				6706B4271A6ACCFB00C2E2ED /* Products */,
			);
			sourceTree = "<group>";
		};
		6706B4271A6ACCFB00C2E2ED /* Products */ = {
			isa = PBXGroup;
			children = (
				6706B4261A6ACCFB00C2E2ED /* Transformation */,
			);
			name = Products;
			sourceTree = "<group>";
		};
		6706B4281A6ACCFB00C2E2ED /* Transformation */ = {
			isa = PBXGroup;
			children = (
				6706B4291A6ACCFB00C2E2ED /* main.cpp */,
				6706B4301A6ACDFB00C2E2ED /* transform.in */,
				6706B4311A6ACE0900C2E2ED /* transform.out */,
			);
			path = Transformation;
			sourceTree = "<group>";
		};
/* End PBXGroup section */

/* Begin PBXNativeTarget section */
		6706B4251A6ACCFB00C2E2ED /* Transformation */ = {
			isa = PBXNativeTarget;
			buildConfigurationList = 6706B42D1A6ACCFB00C2E2ED /* Build configuration list for PBXNativeTarget "Transformation" */;
			buildPhases = (
				6706B4221A6ACCFB00C2E2ED /* Sources */,
				6706B4231A6ACCFB00C2E2ED /* Frameworks */,
				6706B4241A6ACCFB00C2E2ED /* CopyFiles */,
			);
			buildRules = (
			);
			dependencies = (
			);
			name = Transformation;
			productName = Transformation;
			productReference = 6706B4261A6ACCFB00C2E2ED /* Transformation */;
			productType = "com.apple.product-type.tool";
		};
/* End PBXNativeTarget section */

/* Begin PBXProject section */
		6706B41E1A6ACCFB00C2E2ED /* Project object */ = {
			isa = PBXProject;
			attributes = {
				LastUpgradeCheck = 0610;
				ORGANIZATIONNAME = DhruvShah;
				TargetAttributes = {
					6706B4251A6ACCFB00C2E2ED = {
						CreatedOnToolsVersion = 6.1.1;
					};
				};
			};
			buildConfigurationList = 6706B4211A6ACCFB00C2E2ED /* Build configuration list for PBXProject "Transformation" */;
			compatibilityVersion = "Xcode 3.2";
			developmentRegion = English;
			hasScannedForEncodings = 0;
			knownRegions = (
				en,
			);
			mainGroup = 6706B41D1A6ACCFB00C2E2ED;
			productRefGroup = 6706B4271A6ACCFB00C2E2ED /* Products */;
			projectDirPath = "";
			projectRoot = "";
			targets = (
				6706B4251A6ACCFB00C2E2ED /* Transformation */,
			);
		};
/* End PBXProject section */

/* Begin PBXSourcesBuildPhase section */
		6706B4221A6ACCFB00C2E2ED /* Sources */ = {
			isa = PBXSourcesBuildPhase;
			buildActionMask = 2147483647;
			files = (
				6706B42A1A6ACCFB00C2E2ED /* main.cpp in Sources */,
			);
			runOnlyForDeploymentPostprocessing = 0;
		};
/* End PBXSourcesBuildPhase section */

/* Begin XCBuildConfiguration section */
		6706B42B1A6ACCFB00C2E2ED /* Debug */ = {
			isa = XCBuildConfiguration;
			buildSettings = {
				ALWAYS_SEARCH_USER_PATHS = NO;
				CLANG_CXX_LANGUAGE_STANDARD = "gnu++0x";
				CLANG_CXX_LIBRARY = "libc++";
				CLANG_ENABLE_MODULES = YES;
				CLANG_ENABLE_OBJC_ARC = YES;
				CLANG_WARN_BOOL_CONVERSION = YES;
				CLANG_WARN_CONSTANT_CONVERSION = YES;
				CLANG_WARN_DIRECT_OBJC_ISA_USAGE = YES_ERROR;
				CLANG_WARN_EMPTY_BODY = YES;
				CLANG_WARN_ENUM_CONVERSION = YES;
				CLANG_WARN_INT_CONVERSION = YES;
				CLANG_WARN_OBJC_ROOT_CLASS = YES_ERROR;
				CLANG_WARN_UNREACHABLE_CODE = YES;
				CLANG_WARN__DUPLICATE_METHOD_MATCH = YES;
				COPY_PHASE_STRIP = NO;
				ENABLE_STRICT_OBJC_MSGSEND = YES;
				GCC_C_LANGUAGE_STANDARD = gnu99;
				GCC_DYNAMIC_NO_PIC = NO;
				GCC_OPTIMIZATION_LEVEL = 0;
				GCC_PREPROCESSOR_DEFINITIONS = (
					"DEBUG=1",
					"$(inherited)",
				);
				GCC_SYMBOLS_PRIVATE_EXTERN = NO;
				GCC_WARN_64_TO_32_BIT_CONVERSION = YES;
				GCC_WARN_ABOUT_RETURN_TYPE = YES_ERROR;
				GCC_WARN_UNDECLARED_SELECTOR = YES;
				GCC_WARN_UNINITIALIZED_AUTOS = YES_AGGRESSIVE;
				GCC_WARN_UNUSED_FUNCTION = YES;
				GCC_WARN_UNUSED_VARIABLE = YES;
				MACOSX_DEPLOYMENT_TARGET = 10.10;
				MTL_ENABLE_DEBUG_INFO = YES;
				ONLY_ACTIVE_ARCH = YES;
				SDKROOT = macosx;
			};
			name = Debug;
		};
		6706B42C1A6ACCFB00C2E2ED /* Release */ = {
			isa = XCBuildConfiguration;
			buildSettings = {
				ALWAYS_SEARCH_USER_PATHS = NO;
				CLANG_CXX_LANGUAGE_STANDARD = "gnu++0x";
				CLANG_CXX_LIBRARY = "libc++";
				CLANG_ENABLE_MODULES = YES;
				CLANG_ENABLE_OBJC_ARC = YES;
				CLANG_WARN_BOOL_CONVERSION = YES;
				CLANG_WARN_CONSTANT_CONVERSION = YES;
				CLANG_WARN_DIRECT_OBJC_ISA_USAGE = YES_ERROR;
				CLANG_WARN_EMPTY_BODY = YES;
				CLANG_WARN_ENUM_CONVERSION = YES;
				CLANG_WARN_INT_CONVERSION = YES;
				CLANG_WARN_OBJC_ROOT_CLASS = YES_ERROR;
				CLANG_WARN_UNREACHABLE_CODE = YES;
				CLANG_WARN__DUPLICATE_METHOD_MATCH = YES;
				COPY_PHASE_STRIP = YES;
				DEBUG_INFORMATION_FORMAT = "dwarf-with-dsym";
				ENABLE_NS_ASSERTIONS = NO;
				ENABLE_STRICT_OBJC_MSGSEND = YES;
				GCC_C_LANGUAGE_STANDARD = gnu99;
				GCC_WARN_64_TO_32_BIT_CONVERSION = YES;
				GCC_WARN_ABOUT_RETURN_TYPE = YES_ERROR;
				GCC_WARN_UNDECLARED_SELECTOR = YES;
				GCC_WARN_UNINITIALIZED_AUTOS = YES_AGGRESSIVE;
				GCC_WARN_UNUSED_FUNCTION = YES;
				GCC_WARN_UNUSED_VARIABLE = YES;
				MACOSX_DEPLOYMENT_TARGET = 10.10;
				MTL_ENABLE_DEBUG_INFO = NO;
				SDKROOT = macosx;
			};
			name = Release;
		};
		6706B42E1A6ACCFB00C2E2ED /* Debug */ = {
			isa = XCBuildConfiguration;
			buildSettings = {
				PRODUCT_NAME = "$(TARGET_NAME)";
			};
			name = Debug;
		};
		6706B42F1A6ACCFB00C2E2ED /* Release */ = {
			isa = XCBuildConfiguration;
			buildSettings = {
				PRODUCT_NAME = "$(TARGET_NAME)";
			};
			name = Release;
		};
/* End XCBuildConfiguration section */

/* Begin XCConfigurationList section */
		6706B4211A6ACCFB00C2E2ED /* Build configuration list for PBXProject "Transformation" */ = {
			isa = XCConfigurationList;
			buildConfigurations = (
				6706B42B1A6ACCFB00C2E2ED /* Debug */,
				6706B42C1A6ACCFB00C2E2ED /* Release */,
			);
			defaultConfigurationIsVisible = 0;
			defaultConfigurationName = Release;
		};
		6706B42D1A6ACCFB00C2E2ED /* Build configuration list for PBXNativeTarget "Transformation" */ = {
			isa = XCConfigurationList;
			buildConfigurations = (
				6706B42E1A6ACCFB00C2E2ED /* Debug */,
				6706B42F1A6ACCFB00C2E2ED /* Release */,
			);
			defaultConfigurationIsVisible = 0;
			defaultConfigurationName = Release;
		};
/* End XCConfigurationList section */
	};
	rootObject = 6706B41E1A6ACCFB00C2E2ED /* Project object */;
}
