// !$*UTF8*$!
{
	archiveVersion = 1;
	classes = {
	};
	objectVersion = 46;
	objects = {

/* Begin PBXBuildFile section */
		677D89521B52D56C00B62306 /* main.cpp in Sources */ = {isa = PBXBuildFile; fileRef = 677D89511B52D56C00B62306 /* main.cpp */; };
/* End PBXBuildFile section */

/* Begin PBXCopyFilesBuildPhase section */
		677D894C1B52D56C00B62306 /* CopyFiles */ = {
			isa = PBXCopyFilesBuildPhase;
			buildActionMask = 2147483647;
			dstPath = /usr/share/man/man1/;
			dstSubfolderSpec = 0;
			files = (
			);
			runOnlyForDeploymentPostprocessing = 1;
		};
/* End PBXCopyFilesBuildPhase section */

/* Begin PBXFileReference section */
		677D894E1B52D56C00B62306 /* BarnRepair */ = {isa = PBXFileReference; explicitFileType = "compiled.mach-o.executable"; includeInIndex = 0; path = BarnRepair; sourceTree = BUILT_PRODUCTS_DIR; };
		677D89511B52D56C00B62306 /* main.cpp */ = {isa = PBXFileReference; lastKnownFileType = sourcecode.cpp.cpp; path = main.cpp; sourceTree = "<group>"; };
		67A770C01B6069150005AD35 /* barn1.in */ = {isa = PBXFileReference; fileEncoding = 4; lastKnownFileType = text; path = barn1.in; sourceTree = "<group>"; };
/* End PBXFileReference section */

/* Begin PBXFrameworksBuildPhase section */
		677D894B1B52D56C00B62306 /* Frameworks */ = {
			isa = PBXFrameworksBuildPhase;
			buildActionMask = 2147483647;
			files = (
			);
			runOnlyForDeploymentPostprocessing = 0;
		};
/* End PBXFrameworksBuildPhase section */

/* Begin PBXGroup section */
		677D89451B52D56C00B62306 = {
			isa = PBXGroup;
			children = (
				677D89501B52D56C00B62306 /* BarnRepair */,
				677D894F1B52D56C00B62306 /* Products */,
			);
			sourceTree = "<group>";
		};
		677D894F1B52D56C00B62306 /* Products */ = {
			isa = PBXGroup;
			children = (
				677D894E1B52D56C00B62306 /* BarnRepair */,
			);
			name = Products;
			sourceTree = "<group>";
		};
		677D89501B52D56C00B62306 /* BarnRepair */ = {
			isa = PBXGroup;
			children = (
				677D89511B52D56C00B62306 /* main.cpp */,
				67A770C01B6069150005AD35 /* barn1.in */,
			);
			path = BarnRepair;
			sourceTree = "<group>";
		};
/* End PBXGroup section */

/* Begin PBXNativeTarget section */
		677D894D1B52D56C00B62306 /* BarnRepair */ = {
			isa = PBXNativeTarget;
			buildConfigurationList = 677D89551B52D56C00B62306 /* Build configuration list for PBXNativeTarget "BarnRepair" */;
			buildPhases = (
				677D894A1B52D56C00B62306 /* Sources */,
				677D894B1B52D56C00B62306 /* Frameworks */,
				677D894C1B52D56C00B62306 /* CopyFiles */,
			);
			buildRules = (
			);
			dependencies = (
			);
			name = BarnRepair;
			productName = BarnRepair;
			productReference = 677D894E1B52D56C00B62306 /* BarnRepair */;
			productType = "com.apple.product-type.tool";
		};
/* End PBXNativeTarget section */

/* Begin PBXProject section */
		677D89461B52D56C00B62306 /* Project object */ = {
			isa = PBXProject;
			attributes = {
				LastUpgradeCheck = 0640;
				ORGANIZATIONNAME = DhruvShah;
				TargetAttributes = {
					677D894D1B52D56C00B62306 = {
						CreatedOnToolsVersion = 6.4;
					};
				};
			};
			buildConfigurationList = 677D89491B52D56C00B62306 /* Build configuration list for PBXProject "BarnRepair" */;
			compatibilityVersion = "Xcode 3.2";
			developmentRegion = English;
			hasScannedForEncodings = 0;
			knownRegions = (
				en,
			);
			mainGroup = 677D89451B52D56C00B62306;
			productRefGroup = 677D894F1B52D56C00B62306 /* Products */;
			projectDirPath = "";
			projectRoot = "";
			targets = (
				677D894D1B52D56C00B62306 /* BarnRepair */,
			);
		};
/* End PBXProject section */

/* Begin PBXSourcesBuildPhase section */
		677D894A1B52D56C00B62306 /* Sources */ = {
			isa = PBXSourcesBuildPhase;
			buildActionMask = 2147483647;
			files = (
				677D89521B52D56C00B62306 /* main.cpp in Sources */,
			);
			runOnlyForDeploymentPostprocessing = 0;
		};
/* End PBXSourcesBuildPhase section */

/* Begin XCBuildConfiguration section */
		677D89531B52D56C00B62306 /* Debug */ = {
			isa = XCBuildConfiguration;
			buildSettings = {
				ALWAYS_SEARCH_USER_PATHS = NO;
				CLANG_CXX_LANGUAGE_STANDARD = "gnu++0x";
				CLANG_CXX_LIBRARY = "libc++";
				CLANG_ENABLE_MODULES = YES;
				CLANG_ENABLE_OBJC_ARC = YES;
				CLANG_WARN_BOOL_CONVERSION = YES;
				CLANG_WARN_CONSTANT_CONVERSION = YES;
				CLANG_WARN_DIRECT_OBJC_ISA_USAGE = YES_ERROR;
				CLANG_WARN_EMPTY_BODY = YES;
				CLANG_WARN_ENUM_CONVERSION = YES;
				CLANG_WARN_INT_CONVERSION = YES;
				CLANG_WARN_OBJC_ROOT_CLASS = YES_ERROR;
				CLANG_WARN_UNREACHABLE_CODE = YES;
				CLANG_WARN__DUPLICATE_METHOD_MATCH = YES;
				COPY_PHASE_STRIP = NO;
				DEBUG_INFORMATION_FORMAT = dwarf;
				ENABLE_STRICT_OBJC_MSGSEND = YES;
				GCC_C_LANGUAGE_STANDARD = gnu99;
				GCC_DYNAMIC_NO_PIC = NO;
				GCC_NO_COMMON_BLOCKS = YES;
				GCC_OPTIMIZATION_LEVEL = 0;
				GCC_PREPROCESSOR_DEFINITIONS = (
					"DEBUG=1",
					"$(inherited)",
				);
				GCC_SYMBOLS_PRIVATE_EXTERN = NO;
				GCC_WARN_64_TO_32_BIT_CONVERSION = YES;
				GCC_WARN_ABOUT_RETURN_TYPE = YES_ERROR;
				GCC_WARN_UNDECLARED_SELECTOR = YES;
				GCC_WARN_UNINITIALIZED_AUTOS = YES_AGGRESSIVE;
				GCC_WARN_UNUSED_FUNCTION = YES;
				GCC_WARN_UNUSED_VARIABLE = YES;
				MACOSX_DEPLOYMENT_TARGET = 10.10;
				MTL_ENABLE_DEBUG_INFO = YES;
				ONLY_ACTIVE_ARCH = YES;
				SDKROOT = macosx;
			};
			name = Debug;
		};
		677D89541B52D56C00B62306 /* Release */ = {
			isa = XCBuildConfiguration;
			buildSettings = {
				ALWAYS_SEARCH_USER_PATHS = NO;
				CLANG_CXX_LANGUAGE_STANDARD = "gnu++0x";
				CLANG_CXX_LIBRARY = "libc++";
				CLANG_ENABLE_MODULES = YES;
				CLANG_ENABLE_OBJC_ARC = YES;
				CLANG_WARN_BOOL_CONVERSION = YES;
				CLANG_WARN_CONSTANT_CONVERSION = YES;
				CLANG_WARN_DIRECT_OBJC_ISA_USAGE = YES_ERROR;
				CLANG_WARN_EMPTY_BODY = YES;
				CLANG_WARN_ENUM_CONVERSION = YES;
				CLANG_WARN_INT_CONVERSION = YES;
				CLANG_WARN_OBJC_ROOT_CLASS = YES_ERROR;
				CLANG_WARN_UNREACHABLE_CODE = YES;
				CLANG_WARN__DUPLICATE_METHOD_MATCH = YES;
				COPY_PHASE_STRIP = NO;
				DEBUG_INFORMATION_FORMAT = "dwarf-with-dsym";
				ENABLE_NS_ASSERTIONS = NO;
				ENABLE_STRICT_OBJC_MSGSEND = YES;
				GCC_C_LANGUAGE_STANDARD = gnu99;
				GCC_NO_COMMON_BLOCKS = YES;
				GCC_WARN_64_TO_32_BIT_CONVERSION = YES;
				GCC_WARN_ABOUT_RETURN_TYPE = YES_ERROR;
				GCC_WARN_UNDECLARED_SELECTOR = YES;
				GCC_WARN_UNINITIALIZED_AUTOS = YES_AGGRESSIVE;
				GCC_WARN_UNUSED_FUNCTION = YES;
				GCC_WARN_UNUSED_VARIABLE = YES;
				MACOSX_DEPLOYMENT_TARGET = 10.10;
				MTL_ENABLE_DEBUG_INFO = NO;
				SDKROOT = macosx;
			};
			name = Release;
		};
		677D89561B52D56C00B62306 /* Debug */ = {
			isa = XCBuildConfiguration;
			buildSettings = {
				PRODUCT_NAME = "$(TARGET_NAME)";
			};
			name = Debug;
		};
		677D89571B52D56C00B62306 /* Release */ = {
			isa = XCBuildConfiguration;
			buildSettings = {
				PRODUCT_NAME = "$(TARGET_NAME)";
			};
			name = Release;
		};
/* End XCBuildConfiguration section */

/* Begin XCConfigurationList section */
		677D89491B52D56C00B62306 /* Build configuration list for PBXProject "BarnRepair" */ = {
			isa = XCConfigurationList;
			buildConfigurations = (
				677D89531B52D56C00B62306 /* Debug */,
				677D89541B52D56C00B62306 /* Release */,
			);
			defaultConfigurationIsVisible = 0;
			defaultConfigurationName = Release;
		};
		677D89551B52D56C00B62306 /* Build configuration list for PBXNativeTarget "BarnRepair" */ = {
			isa = XCConfigurationList;
			buildConfigurations = (
				677D89561B52D56C00B62306 /* Debug */,
				677D89571B52D56C00B62306 /* Release */,
			);
			defaultConfigurationIsVisible = 0;
			defaultConfigurationName = Release;
		};
/* End XCConfigurationList section */
	};
	rootObject = 677D89461B52D56C00B62306 /* Project object */;
}
