// !$*UTF8*$!
{
	archiveVersion = 1;
	classes = {
	};
	objectVersion = 46;
	objects = {

/* Begin PBXBuildFile section */
		670171BD1A6F52B800C99BF0 /* main.cpp in Sources */ = {isa = PBXBuildFile; fileRef = 670171BC1A6F52B800C99BF0 /* main.cpp */; };
/* End PBXBuildFile section */

/* Begin PBXCopyFilesBuildPhase section */
		670171B71A6F52B800C99BF0 /* CopyFiles */ = {
			isa = PBXCopyFilesBuildPhase;
			buildActionMask = 2147483647;
			dstPath = /usr/share/man/man1/;
			dstSubfolderSpec = 0;
			files = (
			);
			runOnlyForDeploymentPostprocessing = 1;
		};
/* End PBXCopyFilesBuildPhase section */

/* Begin PBXFileReference section */
		670171B91A6F52B800C99BF0 /* Cow Race */ = {isa = PBXFileReference; explicitFileType = "compiled.mach-o.executable"; includeInIndex = 0; path = "Cow Race"; sourceTree = BUILT_PRODUCTS_DIR; };
		670171BC1A6F52B800C99BF0 /* main.cpp */ = {isa = PBXFileReference; lastKnownFileType = sourcecode.cpp.cpp; path = main.cpp; sourceTree = "<group>"; };
		670171C31A6F531300C99BF0 /* cowrace.in */ = {isa = PBXFileReference; fileEncoding = 4; lastKnownFileType = text; path = cowrace.in; sourceTree = "<group>"; };
/* End PBXFileReference section */

/* Begin PBXFrameworksBuildPhase section */
		670171B61A6F52B800C99BF0 /* Frameworks */ = {
			isa = PBXFrameworksBuildPhase;
			buildActionMask = 2147483647;
			files = (
			);
			runOnlyForDeploymentPostprocessing = 0;
		};
/* End PBXFrameworksBuildPhase section */

/* Begin PBXGroup section */
		670171B01A6F52B800C99BF0 = {
			isa = PBXGroup;
			children = (
				670171BB1A6F52B800C99BF0 /* Cow Race */,
				670171BA1A6F52B800C99BF0 /* Products */,
			);
			sourceTree = "<group>";
		};
		670171BA1A6F52B800C99BF0 /* Products */ = {
			isa = PBXGroup;
			children = (
				670171B91A6F52B800C99BF0 /* Cow Race */,
			);
			name = Products;
			sourceTree = "<group>";
		};
		670171BB1A6F52B800C99BF0 /* Cow Race */ = {
			isa = PBXGroup;
			children = (
				670171C31A6F531300C99BF0 /* cowrace.in */,
				670171BC1A6F52B800C99BF0 /* main.cpp */,
			);
			path = "Cow Race";
			sourceTree = "<group>";
		};
/* End PBXGroup section */

/* Begin PBXNativeTarget section */
		670171B81A6F52B800C99BF0 /* Cow Race */ = {
			isa = PBXNativeTarget;
			buildConfigurationList = 670171C01A6F52B800C99BF0 /* Build configuration list for PBXNativeTarget "Cow Race" */;
			buildPhases = (
				670171B51A6F52B800C99BF0 /* Sources */,
				670171B61A6F52B800C99BF0 /* Frameworks */,
				670171B71A6F52B800C99BF0 /* CopyFiles */,
			);
			buildRules = (
			);
			dependencies = (
			);
			name = "Cow Race";
			productName = "Cow Race";
			productReference = 670171B91A6F52B800C99BF0 /* Cow Race */;
			productType = "com.apple.product-type.tool";
		};
/* End PBXNativeTarget section */

/* Begin PBXProject section */
		670171B11A6F52B800C99BF0 /* Project object */ = {
			isa = PBXProject;
			attributes = {
				LastUpgradeCheck = 0610;
				ORGANIZATIONNAME = DhruvShah;
				TargetAttributes = {
					670171B81A6F52B800C99BF0 = {
						CreatedOnToolsVersion = 6.1.1;
					};
				};
			};
			buildConfigurationList = 670171B41A6F52B800C99BF0 /* Build configuration list for PBXProject "Cow Race" */;
			compatibilityVersion = "Xcode 3.2";
			developmentRegion = English;
			hasScannedForEncodings = 0;
			knownRegions = (
				en,
			);
			mainGroup = 670171B01A6F52B800C99BF0;
			productRefGroup = 670171BA1A6F52B800C99BF0 /* Products */;
			projectDirPath = "";
			projectRoot = "";
			targets = (
				670171B81A6F52B800C99BF0 /* Cow Race */,
			);
		};
/* End PBXProject section */

/* Begin PBXSourcesBuildPhase section */
		670171B51A6F52B800C99BF0 /* Sources */ = {
			isa = PBXSourcesBuildPhase;
			buildActionMask = 2147483647;
			files = (
				670171BD1A6F52B800C99BF0 /* main.cpp in Sources */,
			);
			runOnlyForDeploymentPostprocessing = 0;
		};
/* End PBXSourcesBuildPhase section */

/* Begin XCBuildConfiguration section */
		670171BE1A6F52B800C99BF0 /* Debug */ = {
			isa = XCBuildConfiguration;
			buildSettings = {
				ALWAYS_SEARCH_USER_PATHS = NO;
				CLANG_CXX_LANGUAGE_STANDARD = "gnu++0x";
				CLANG_CXX_LIBRARY = "libc++";
				CLANG_ENABLE_MODULES = YES;
				CLANG_ENABLE_OBJC_ARC = YES;
				CLANG_WARN_BOOL_CONVERSION = YES;
				CLANG_WARN_CONSTANT_CONVERSION = YES;
				CLANG_WARN_DIRECT_OBJC_ISA_USAGE = YES_ERROR;
				CLANG_WARN_EMPTY_BODY = YES;
				CLANG_WARN_ENUM_CONVERSION = YES;
				CLANG_WARN_INT_CONVERSION = YES;
				CLANG_WARN_OBJC_ROOT_CLASS = YES_ERROR;
				CLANG_WARN_UNREACHABLE_CODE = YES;
				CLANG_WARN__DUPLICATE_METHOD_MATCH = YES;
				COPY_PHASE_STRIP = NO;
				ENABLE_STRICT_OBJC_MSGSEND = YES;
				GCC_C_LANGUAGE_STANDARD = gnu99;
				GCC_DYNAMIC_NO_PIC = NO;
				GCC_OPTIMIZATION_LEVEL = 0;
				GCC_PREPROCESSOR_DEFINITIONS = (
					"DEBUG=1",
					"$(inherited)",
				);
				GCC_SYMBOLS_PRIVATE_EXTERN = NO;
				GCC_WARN_64_TO_32_BIT_CONVERSION = YES;
				GCC_WARN_ABOUT_RETURN_TYPE = YES_ERROR;
				GCC_WARN_UNDECLARED_SELECTOR = YES;
				GCC_WARN_UNINITIALIZED_AUTOS = YES_AGGRESSIVE;
				GCC_WARN_UNUSED_FUNCTION = YES;
				GCC_WARN_UNUSED_VARIABLE = YES;
				MACOSX_DEPLOYMENT_TARGET = 10.10;
				MTL_ENABLE_DEBUG_INFO = YES;
				ONLY_ACTIVE_ARCH = YES;
				SDKROOT = macosx;
			};
			name = Debug;
		};
		670171BF1A6F52B800C99BF0 /* Release */ = {
			isa = XCBuildConfiguration;
			buildSettings = {
				ALWAYS_SEARCH_USER_PATHS = NO;
				CLANG_CXX_LANGUAGE_STANDARD = "gnu++0x";
				CLANG_CXX_LIBRARY = "libc++";
				CLANG_ENABLE_MODULES = YES;
				CLANG_ENABLE_OBJC_ARC = YES;
				CLANG_WARN_BOOL_CONVERSION = YES;
				CLANG_WARN_CONSTANT_CONVERSION = YES;
				CLANG_WARN_DIRECT_OBJC_ISA_USAGE = YES_ERROR;
				CLANG_WARN_EMPTY_BODY = YES;
				CLANG_WARN_ENUM_CONVERSION = YES;
				CLANG_WARN_INT_CONVERSION = YES;
				CLANG_WARN_OBJC_ROOT_CLASS = YES_ERROR;
				CLANG_WARN_UNREACHABLE_CODE = YES;
				CLANG_WARN__DUPLICATE_METHOD_MATCH = YES;
				COPY_PHASE_STRIP = YES;
				DEBUG_INFORMATION_FORMAT = "dwarf-with-dsym";
				ENABLE_NS_ASSERTIONS = NO;
				ENABLE_STRICT_OBJC_MSGSEND = YES;
				GCC_C_LANGUAGE_STANDARD = gnu99;
				GCC_WARN_64_TO_32_BIT_CONVERSION = YES;
				GCC_WARN_ABOUT_RETURN_TYPE = YES_ERROR;
				GCC_WARN_UNDECLARED_SELECTOR = YES;
				GCC_WARN_UNINITIALIZED_AUTOS = YES_AGGRESSIVE;
				GCC_WARN_UNUSED_FUNCTION = YES;
				GCC_WARN_UNUSED_VARIABLE = YES;
				MACOSX_DEPLOYMENT_TARGET = 10.10;
				MTL_ENABLE_DEBUG_INFO = NO;
				SDKROOT = macosx;
			};
			name = Release;
		};
		670171C11A6F52B800C99BF0 /* Debug */ = {
			isa = XCBuildConfiguration;
			buildSettings = {
				PRODUCT_NAME = "$(TARGET_NAME)";
			};
			name = Debug;
		};
		670171C21A6F52B800C99BF0 /* Release */ = {
			isa = XCBuildConfiguration;
			buildSettings = {
				PRODUCT_NAME = "$(TARGET_NAME)";
			};
			name = Release;
		};
/* End XCBuildConfiguration section */

/* Begin XCConfigurationList section */
		670171B41A6F52B800C99BF0 /* Build configuration list for PBXProject "Cow Race" */ = {
			isa = XCConfigurationList;
			buildConfigurations = (
				670171BE1A6F52B800C99BF0 /* Debug */,
				670171BF1A6F52B800C99BF0 /* Release */,
			);
			defaultConfigurationIsVisible = 0;
			defaultConfigurationName = Release;
		};
		670171C01A6F52B800C99BF0 /* Build configuration list for PBXNativeTarget "Cow Race" */ = {
			isa = XCConfigurationList;
			buildConfigurations = (
				670171C11A6F52B800C99BF0 /* Debug */,
				670171C21A6F52B800C99BF0 /* Release */,
			);
			defaultConfigurationIsVisible = 0;
			defaultConfigurationName = Release;
		};
/* End XCConfigurationList section */
	};
	rootObject = 670171B11A6F52B800C99BF0 /* Project object */;
}
